lockfileVersion: '6.0'

settings:
  autoInstallPeers: false
  excludeLinksFromLockfile: false

dependencies:
  '@bt-services/theme-builder':
    specifier: workspace:*
    version: link:../theme-builder

devDependencies:
  '@bt-services/components':
    specifier: workspace:*
    version: link:../components
  '@bt-services/core':
    specifier: workspace:*
    version: link:../core
  '@bt-services/theme':
    specifier: workspace:*
    version: link:../theme
  '@vueuse/core':
    specifier: ^10.5.0
    version: 10.5.0
  gsap:
    specifier: ^3.12.2
    version: 3.12.2
  vue-router:
    specifier: ^4.1.6
    version: 4.1.6

packages:

  /@types/web-bluetooth@0.0.18:
    resolution: {integrity: sha512-v/ZHEj9xh82usl8LMR3GarzFY1IrbXJw5L4QfQhokjRV91q+SelFqxQWSep1ucXEZ22+dSTwLFkXeur25sPIbw==}
    dev: true

  /@vue/devtools-api@6.5.0:
    resolution: {integrity: sha512-o9KfBeaBmCKl10usN4crU53fYtC1r7jJwdGKjPT24t348rHxgfpZ0xL3Xm/gLUYnc0oTp8LAmrxOeLyu6tbk2Q==}
    dev: true

  /@vueuse/core@10.5.0:
    resolution: {integrity: sha512-z/tI2eSvxwLRjOhDm0h/SXAjNm8N5ld6/SC/JQs6o6kpJ6Ya50LnEL8g5hoYu005i28L0zqB5L5yAl8Jl26K3A==}
    dependencies:
      '@types/web-bluetooth': 0.0.18
      '@vueuse/metadata': 10.5.0
      '@vueuse/shared': 10.5.0
      vue-demi: 0.14.6
    transitivePeerDependencies:
      - '@vue/composition-api'
      - vue
    dev: true

  /@vueuse/metadata@10.5.0:
    resolution: {integrity: sha512-fEbElR+MaIYyCkeM0SzWkdoMtOpIwO72x8WsZHRE7IggiOlILttqttM69AS13nrDxosnDBYdyy3C5mR1LCxHsw==}
    dev: true

  /@vueuse/shared@10.5.0:
    resolution: {integrity: sha512-18iyxbbHYLst9MqU1X1QNdMHIjks6wC7XTVf0KNOv5es/Ms6gjVFCAAWTVP2JStuGqydg3DT+ExpFORUEi9yhg==}
    dependencies:
      vue-demi: 0.14.6
    transitivePeerDependencies:
      - '@vue/composition-api'
      - vue
    dev: true

  /gsap@3.12.2:
    resolution: {integrity: sha512-EkYnpG8qHgYBFAwsgsGEqvT1WUidX0tt/ijepx7z8EUJHElykg91RvW1XbkT59T0gZzzszOpjQv7SE41XuIXyQ==}
    dev: true

  /vue-demi@0.14.6:
    resolution: {integrity: sha512-8QA7wrYSHKaYgUxDA5ZC24w+eHm3sYCbp0EzcDwKqN3p6HqtTCGR/GVsPyZW92unff4UlcSh++lmqDWN3ZIq4w==}
    engines: {node: '>=12'}
    hasBin: true
    requiresBuild: true
    peerDependencies:
      '@vue/composition-api': ^1.0.0-rc.1
      vue: ^3.0.0-0 || ^2.6.0
    peerDependenciesMeta:
      '@vue/composition-api':
        optional: true
    dev: true

  /vue-router@4.1.6:
    resolution: {integrity: sha512-DYWYwsG6xNPmLq/FmZn8Ip+qrhFEzA14EI12MsMgVxvHFDYvlr4NXpVF5hrRH1wVcDP8fGi5F4rxuJSl8/r+EQ==}
    peerDependencies:
      vue: ^3.2.0
    dependencies:
      '@vue/devtools-api': 6.5.0
    dev: true
